
Microsoft Visual Studio Solution File, Format Version 12.00
# Visual Studio Version 17
VisualStudioVersion = 17.9.34728.123
MinimumVisualStudioVersion = 10.0.40219.1
Project("{FAE04EC0-301F-11D3-BF4B-00C04F79EFBC}") = "Method's 2", "Method's 2\Method's 2.csproj", "{671FA7B6-57FD-41A1-97BC-5AC31F00FA5E}"
EndProject
Global
	GlobalSection(SolutionConfigurationPlatforms) = preSolution
		Debug|Any CPU = Debug|Any CPU
		Release|Any CPU = Release|Any CPU
	EndGlobalSection
	GlobalSection(ProjectConfigurationPlatforms) = postSolution
		{671FA7B6-57FD-41A1-97BC-5AC31F00FA5E}.Debug|Any CPU.ActiveCfg = Debug|Any CPU
		{671FA7B6-57FD-41A1-97BC-5AC31F00FA5E}.Debug|Any CPU.Build.0 = Debug|Any CPU
		{671FA7B6-57FD-41A1-97BC-5AC31F00FA5E}.Release|Any CPU.ActiveCfg = Release|Any CPU
		{671FA7B6-57FD-41A1-97BC-5AC31F00FA5E}.Release|Any CPU.Build.0 = Release|Any CPU
	EndGlobalSection
	GlobalSection(SolutionProperties) = preSolution
		HideSolutionNode = FALSE
	EndGlobalSection
	GlobalSection(ExtensibilityGlobals) = postSolution
		SolutionGuid = {5F6242DF-F374-478F-8741-F8F674F44460}
	EndGlobalSection
EndGlobal
